
Microsoft Visual Studio Solution File, Format Version 12.00
# Visual Studio Version 17
VisualStudioVersion = 17.4.33213.308
MinimumVisualStudioVersion = 10.0.40219.1
Project("{FAE04EC0-301F-11D3-BF4B-00C04F79EFBC}") = "LinqPerformance", "LinqPerformance\LinqPerformance.csproj", "{EBC45E8C-4B56-4F72-8B0C-9A72EC96622C}"
EndProject
Global
	GlobalSection(SolutionConfigurationPlatforms) = preSolution
		Debug|Any CPU = Debug|Any CPU
		Release|Any CPU = Release|Any CPU
	EndGlobalSection
	GlobalSection(ProjectConfigurationPlatforms) = postSolution
		{EBC45E8C-4B56-4F72-8B0C-9A72EC96622C}.Debug|Any CPU.ActiveCfg = Debug|Any CPU
		{EBC45E8C-4B56-4F72-8B0C-9A72EC96622C}.Debug|Any CPU.Build.0 = Debug|Any CPU
		{EBC45E8C-4B56-4F72-8B0C-9A72EC96622C}.Release|Any CPU.ActiveCfg = Release|Any CPU
		{EBC45E8C-4B56-4F72-8B0C-9A72EC96622C}.Release|Any CPU.Build.0 = Release|Any CPU
	EndGlobalSection
	GlobalSection(SolutionProperties) = preSolution
		HideSolutionNode = FALSE
	EndGlobalSection
	GlobalSection(ExtensibilityGlobals) = postSolution
		SolutionGuid = {70BEE044-E48B-4D35-8A37-10BECE111549}
	EndGlobalSection
EndGlobal
